
Microsoft Visual Studio Solution File, Format Version 12.00
# Visual Studio 15
VisualStudioVersion = 15.0.28307.168
MinimumVisualStudioVersion = 10.0.40219.1
Project("{2150E333-8FDC-42A3-9474-1A3956D46DE8}") = "99.Framework", "99.Framework", "{61D22476-6D6F-43CD-A5E8-A2C4B3C03084}"
EndProject
Project("{2150E333-8FDC-42A3-9474-1A3956D46DE8}") = "00.Core", "00.Core", "{28ADD65D-E62B-470B-976B-724BE1E0B962}"
EndProject
Project("{9A19103F-16F7-4668-BE54-9A1E7A4F7556}") = "NS.EmitMapper", "NS.EmitMapper\NS.EmitMapper.csproj", "{DD7E7451-BF74-4915-9957-93ECA43AFF25}"
EndProject
Project("{2150E333-8FDC-42A3-9474-1A3956D46DE8}") = "01.Domain Driver Develop", "01.Domain Driver Develop", "{C15F161E-D076-4275-9CE1-EBC5D0CB4876}"
EndProject
Project("{9A19103F-16F7-4668-BE54-9A1E7A4F7556}") = "NS.MethodExtension", "NS.MethodExtension\NS.MethodExtension.csproj", "{05811B71-241B-40BC-B9FD-E4BA722A86C7}"
EndProject
Project("{9A19103F-16F7-4668-BE54-9A1E7A4F7556}") = "NS.Framework", "NS.Framework\NS.Framework.csproj", "{99947446-9355-486D-9099-5A4A70A6B6C3}"
EndProject
Project("{9A19103F-16F7-4668-BE54-9A1E7A4F7556}") = "NS.DDD.Core", "NS.DDD.Core\NS.DDD.Core.csproj", "{C7FD9D41-DF51-4351-AEC6-4688BFE97461}"
EndProject
Project("{2150E333-8FDC-42A3-9474-1A3956D46DE8}") = "02.Component", "02.Component", "{B8EFE0F4-6A53-44A0-9D5D-A7A4BC329477}"
EndProject
Project("{2150E333-8FDC-42A3-9474-1A3956D46DE8}") = "D.Utility", "D.Utility", "{23438A36-0C68-49D0-B56E-C90367C158D5}"
EndProject
Project("{9A19103F-16F7-4668-BE54-9A1E7A4F7556}") = "NS.Component.Utility", "NS.Component\NS.Component.Utility\NS.Component.Utility.csproj", "{411F16D7-E0D3-4D8D-AA36-86ED0A273953}"
EndProject
Project("{9A19103F-16F7-4668-BE54-9A1E7A4F7556}") = "NS.DDD.Data", "NS.DDD.Data\NS.DDD.Data.csproj", "{B3F35C6D-BFE6-49C4-AD1F-C69999E9A5F8}"
EndProject
Project("{2150E333-8FDC-42A3-9474-1A3956D46DE8}") = "E.DbProvider", "E.DbProvider", "{B5EDFA97-68B1-461E-B042-D3188336ABB9}"
EndProject
Project("{9A19103F-16F7-4668-BE54-9A1E7A4F7556}") = "NS.Component.NHibernate", "NS.Component\NS.Component.NHibernate\NS.Component.NHibernate.csproj", "{FE2837EB-6A20-457C-B572-BB66237A77FF}"
EndProject
Project("{2150E333-8FDC-42A3-9474-1A3956D46DE8}") = "03.Web", "03.Web", "{A68E0E00-D334-476E-9048-AD813E471819}"
EndProject
Project("{2150E333-8FDC-42A3-9474-1A3956D46DE8}") = "Test", "Test", "{C729E35E-9C1F-42E1-984F-A7BE66FDD3BF}"
EndProject
Project("{9A19103F-16F7-4668-BE54-9A1E7A4F7556}") = "NS.Unit", "NS.Unit\NS.Unit.csproj", "{F1C03AED-B248-4B27-AFE0-5F5BA7C0AB06}"
EndProject
Project("{2150E333-8FDC-42A3-9474-1A3956D46DE8}") = "B.Log", "B.Log", "{17C8D087-513B-479F-AB4B-C7F6DCFF71DD}"
EndProject
Project("{9A19103F-16F7-4668-BE54-9A1E7A4F7556}") = "NS.Component.Log", "NS.Component\NS.Component.Log\NS.Component.Log.csproj", "{BB320369-152D-4ABA-9677-01E30DF5921D}"
EndProject
Project("{9A19103F-16F7-4668-BE54-9A1E7A4F7556}") = "NS.Web", "NS.Web\NS.Web.csproj", "{B3BCA796-CBC1-4F9F-8BD1-23D496F09220}"
EndProject
Project("{2150E333-8FDC-42A3-9474-1A3956D46DE8}") = "C.JobCenter", "C.JobCenter", "{6B783F1E-0A45-471C-9DB9-10770D8661CB}"
EndProject
Project("{9A19103F-16F7-4668-BE54-9A1E7A4F7556}") = "NS.Component.JobManage", "NS.Component\NS.Component.JobManage\NS.Component.JobManage.csproj", "{C75913B6-6E63-4BAF-A870-997BEC64B93A}"
EndProject
Project("{9A19103F-16F7-4668-BE54-9A1E7A4F7556}") = "NS.Component.Quartz", "NS.Component\NS.Component.Quartz\NS.Component.Quartz.csproj", "{F0BC2A3F-A3AC-41C2-89A8-B629CD5416FB}"
EndProject
Global
	GlobalSection(SolutionConfigurationPlatforms) = preSolution
		Debug|Any CPU = Debug|Any CPU
		Release|Any CPU = Release|Any CPU
	EndGlobalSection
	GlobalSection(ProjectConfigurationPlatforms) = postSolution
		{DD7E7451-BF74-4915-9957-93ECA43AFF25}.Debug|Any CPU.ActiveCfg = Debug|Any CPU
		{DD7E7451-BF74-4915-9957-93ECA43AFF25}.Debug|Any CPU.Build.0 = Debug|Any CPU
		{DD7E7451-BF74-4915-9957-93ECA43AFF25}.Release|Any CPU.ActiveCfg = Release|Any CPU
		{DD7E7451-BF74-4915-9957-93ECA43AFF25}.Release|Any CPU.Build.0 = Release|Any CPU
		{05811B71-241B-40BC-B9FD-E4BA722A86C7}.Debug|Any CPU.ActiveCfg = Debug|Any CPU
		{05811B71-241B-40BC-B9FD-E4BA722A86C7}.Debug|Any CPU.Build.0 = Debug|Any CPU
		{05811B71-241B-40BC-B9FD-E4BA722A86C7}.Release|Any CPU.ActiveCfg = Release|Any CPU
		{05811B71-241B-40BC-B9FD-E4BA722A86C7}.Release|Any CPU.Build.0 = Release|Any CPU
		{99947446-9355-486D-9099-5A4A70A6B6C3}.Debug|Any CPU.ActiveCfg = Debug|Any CPU
		{99947446-9355-486D-9099-5A4A70A6B6C3}.Debug|Any CPU.Build.0 = Debug|Any CPU
		{99947446-9355-486D-9099-5A4A70A6B6C3}.Release|Any CPU.ActiveCfg = Release|Any CPU
		{99947446-9355-486D-9099-5A4A70A6B6C3}.Release|Any CPU.Build.0 = Release|Any CPU
		{C7FD9D41-DF51-4351-AEC6-4688BFE97461}.Debug|Any CPU.ActiveCfg = Debug|Any CPU
		{C7FD9D41-DF51-4351-AEC6-4688BFE97461}.Debug|Any CPU.Build.0 = Debug|Any CPU
		{C7FD9D41-DF51-4351-AEC6-4688BFE97461}.Release|Any CPU.ActiveCfg = Release|Any CPU
		{C7FD9D41-DF51-4351-AEC6-4688BFE97461}.Release|Any CPU.Build.0 = Release|Any CPU
		{411F16D7-E0D3-4D8D-AA36-86ED0A273953}.Debug|Any CPU.ActiveCfg = Debug|Any CPU
		{411F16D7-E0D3-4D8D-AA36-86ED0A273953}.Debug|Any CPU.Build.0 = Debug|Any CPU
		{411F16D7-E0D3-4D8D-AA36-86ED0A273953}.Release|Any CPU.ActiveCfg = Release|Any CPU
		{411F16D7-E0D3-4D8D-AA36-86ED0A273953}.Release|Any CPU.Build.0 = Release|Any CPU
		{B3F35C6D-BFE6-49C4-AD1F-C69999E9A5F8}.Debug|Any CPU.ActiveCfg = Debug|Any CPU
		{B3F35C6D-BFE6-49C4-AD1F-C69999E9A5F8}.Debug|Any CPU.Build.0 = Debug|Any CPU
		{B3F35C6D-BFE6-49C4-AD1F-C69999E9A5F8}.Release|Any CPU.ActiveCfg = Release|Any CPU
		{B3F35C6D-BFE6-49C4-AD1F-C69999E9A5F8}.Release|Any CPU.Build.0 = Release|Any CPU
		{FE2837EB-6A20-457C-B572-BB66237A77FF}.Debug|Any CPU.ActiveCfg = Debug|Any CPU
		{FE2837EB-6A20-457C-B572-BB66237A77FF}.Debug|Any CPU.Build.0 = Debug|Any CPU
		{FE2837EB-6A20-457C-B572-BB66237A77FF}.Release|Any CPU.ActiveCfg = Release|Any CPU
		{FE2837EB-6A20-457C-B572-BB66237A77FF}.Release|Any CPU.Build.0 = Release|Any CPU
		{F1C03AED-B248-4B27-AFE0-5F5BA7C0AB06}.Debug|Any CPU.ActiveCfg = Debug|Any CPU
		{F1C03AED-B248-4B27-AFE0-5F5BA7C0AB06}.Debug|Any CPU.Build.0 = Debug|Any CPU
		{F1C03AED-B248-4B27-AFE0-5F5BA7C0AB06}.Release|Any CPU.ActiveCfg = Release|Any CPU
		{F1C03AED-B248-4B27-AFE0-5F5BA7C0AB06}.Release|Any CPU.Build.0 = Release|Any CPU
		{BB320369-152D-4ABA-9677-01E30DF5921D}.Debug|Any CPU.ActiveCfg = Debug|Any CPU
		{BB320369-152D-4ABA-9677-01E30DF5921D}.Debug|Any CPU.Build.0 = Debug|Any CPU
		{BB320369-152D-4ABA-9677-01E30DF5921D}.Release|Any CPU.ActiveCfg = Release|Any CPU
		{BB320369-152D-4ABA-9677-01E30DF5921D}.Release|Any CPU.Build.0 = Release|Any CPU
		{B3BCA796-CBC1-4F9F-8BD1-23D496F09220}.Debug|Any CPU.ActiveCfg = Debug|Any CPU
		{B3BCA796-CBC1-4F9F-8BD1-23D496F09220}.Debug|Any CPU.Build.0 = Debug|Any CPU
		{B3BCA796-CBC1-4F9F-8BD1-23D496F09220}.Release|Any CPU.ActiveCfg = Release|Any CPU
		{B3BCA796-CBC1-4F9F-8BD1-23D496F09220}.Release|Any CPU.Build.0 = Release|Any CPU
		{C75913B6-6E63-4BAF-A870-997BEC64B93A}.Debug|Any CPU.ActiveCfg = Debug|Any CPU
		{C75913B6-6E63-4BAF-A870-997BEC64B93A}.Debug|Any CPU.Build.0 = Debug|Any CPU
		{C75913B6-6E63-4BAF-A870-997BEC64B93A}.Release|Any CPU.ActiveCfg = Release|Any CPU
		{C75913B6-6E63-4BAF-A870-997BEC64B93A}.Release|Any CPU.Build.0 = Release|Any CPU
		{F0BC2A3F-A3AC-41C2-89A8-B629CD5416FB}.Debug|Any CPU.ActiveCfg = Debug|Any CPU
		{F0BC2A3F-A3AC-41C2-89A8-B629CD5416FB}.Debug|Any CPU.Build.0 = Debug|Any CPU
		{F0BC2A3F-A3AC-41C2-89A8-B629CD5416FB}.Release|Any CPU.ActiveCfg = Release|Any CPU
		{F0BC2A3F-A3AC-41C2-89A8-B629CD5416FB}.Release|Any CPU.Build.0 = Release|Any CPU
	EndGlobalSection
	GlobalSection(SolutionProperties) = preSolution
		HideSolutionNode = FALSE
	EndGlobalSection
	GlobalSection(NestedProjects) = preSolution
		{28ADD65D-E62B-470B-976B-724BE1E0B962} = {61D22476-6D6F-43CD-A5E8-A2C4B3C03084}
		{DD7E7451-BF74-4915-9957-93ECA43AFF25} = {28ADD65D-E62B-470B-976B-724BE1E0B962}
		{C15F161E-D076-4275-9CE1-EBC5D0CB4876} = {61D22476-6D6F-43CD-A5E8-A2C4B3C03084}
		{05811B71-241B-40BC-B9FD-E4BA722A86C7} = {28ADD65D-E62B-470B-976B-724BE1E0B962}
		{99947446-9355-486D-9099-5A4A70A6B6C3} = {28ADD65D-E62B-470B-976B-724BE1E0B962}
		{C7FD9D41-DF51-4351-AEC6-4688BFE97461} = {C15F161E-D076-4275-9CE1-EBC5D0CB4876}
		{B8EFE0F4-6A53-44A0-9D5D-A7A4BC329477} = {61D22476-6D6F-43CD-A5E8-A2C4B3C03084}
		{23438A36-0C68-49D0-B56E-C90367C158D5} = {B8EFE0F4-6A53-44A0-9D5D-A7A4BC329477}
		{411F16D7-E0D3-4D8D-AA36-86ED0A273953} = {23438A36-0C68-49D0-B56E-C90367C158D5}
		{B3F35C6D-BFE6-49C4-AD1F-C69999E9A5F8} = {C15F161E-D076-4275-9CE1-EBC5D0CB4876}
		{B5EDFA97-68B1-461E-B042-D3188336ABB9} = {B8EFE0F4-6A53-44A0-9D5D-A7A4BC329477}
		{FE2837EB-6A20-457C-B572-BB66237A77FF} = {B5EDFA97-68B1-461E-B042-D3188336ABB9}
		{A68E0E00-D334-476E-9048-AD813E471819} = {61D22476-6D6F-43CD-A5E8-A2C4B3C03084}
		{C729E35E-9C1F-42E1-984F-A7BE66FDD3BF} = {61D22476-6D6F-43CD-A5E8-A2C4B3C03084}
		{F1C03AED-B248-4B27-AFE0-5F5BA7C0AB06} = {C729E35E-9C1F-42E1-984F-A7BE66FDD3BF}
		{17C8D087-513B-479F-AB4B-C7F6DCFF71DD} = {B8EFE0F4-6A53-44A0-9D5D-A7A4BC329477}
		{BB320369-152D-4ABA-9677-01E30DF5921D} = {17C8D087-513B-479F-AB4B-C7F6DCFF71DD}
		{B3BCA796-CBC1-4F9F-8BD1-23D496F09220} = {C729E35E-9C1F-42E1-984F-A7BE66FDD3BF}
		{6B783F1E-0A45-471C-9DB9-10770D8661CB} = {B8EFE0F4-6A53-44A0-9D5D-A7A4BC329477}
		{C75913B6-6E63-4BAF-A870-997BEC64B93A} = {6B783F1E-0A45-471C-9DB9-10770D8661CB}
		{F0BC2A3F-A3AC-41C2-89A8-B629CD5416FB} = {6B783F1E-0A45-471C-9DB9-10770D8661CB}
	EndGlobalSection
	GlobalSection(ExtensibilityGlobals) = postSolution
		SolutionGuid = {10980CEC-810C-42DA-ACE4-28154634024C}
	EndGlobalSection
EndGlobal
